// !$*UTF8*$!
{
	archiveVersion = 1;
	classes = {
	};
	objectVersion = 77;
	objects = {

/* Begin PBXBuildFile section */
		1212706638CC72A1A448E57C /* KeychainStore.swift in Sources */ = {isa = PBXBuildFile; fileRef = 933698B18341B5B93F960141 /* KeychainStore.swift */; };
		14722EEF59605AB4225CB60E /* FindlyNotificationService.appex in Embed Foundation Extensions */ = {isa = PBXBuildFile; fileRef = B0836124C0B16912A162DA50 /* FindlyNotificationService.appex */; settings = {ATTRIBUTES = (RemoveHeadersOnCopy, ); }; };
		220125CCC68EB48569672CA1 /* FirebaseCore in Frameworks */ = {isa = PBXBuildFile; productRef = E5F9E685A2737D7E01168F16 /* FirebaseCore */; };
		2927A0E0F956AE3E0708D444 /* Assets.xcassets in Resources */ = {isa = PBXBuildFile; fileRef = 1DA559770EEB71FE9D4E4731 /* Assets.xcassets */; };
		2E1B11D96FD0432BBF16C66C /* FindlyApp.swift in Sources */ = {isa = PBXBuildFile; fileRef = 7A469252C0F62EA27A5A96C8 /* FindlyApp.swift */; };
		680F3A8A8F5B9384D3E27E33 /* FirebasePushTokenProvider.swift in Sources */ = {isa = PBXBuildFile; fileRef = 0CFCAEA06AA257D2BD8FD4EC /* FirebasePushTokenProvider.swift */; };
		92E3CA8155EC53B254E0AD47 /* NotificationService.swift in Sources */ = {isa = PBXBuildFile; fileRef = FAAC38E9856598F8ADAC5B1E /* NotificationService.swift */; };
		B02F8EA427CC832CDAD5222E /* FirebaseAuthProvider.swift in Sources */ = {isa = PBXBuildFile; fileRef = EB7E3B29A1DEB20EAF23B1F7 /* FirebaseAuthProvider.swift */; };
		B61559C4D032C36B09A6C14E /* FindlyKit in Frameworks */ = {isa = PBXBuildFile; productRef = 8AF6A59F5CFA6CC825063744 /* FindlyKit */; };
		BCE4FC4E4D216471C06EF8F0 /* FirebaseAuth in Frameworks */ = {isa = PBXBuildFile; productRef = EECA9DB87E5D3A19B5B8D891 /* FirebaseAuth */; };
		C260FCFC518F028EBF7BBA4A /* RootView.swift in Sources */ = {isa = PBXBuildFile; fileRef = 116AE311B80835894993CDAC /* RootView.swift */; };
		C9507C73AF152EF9C3355B39 /* AppDelegate.swift in Sources */ = {isa = PBXBuildFile; fileRef = E76AF327094EE2AF4787E446 /* AppDelegate.swift */; };
		CB8C07C58DEB2D7E127CAF82 /* FindlyKit in Frameworks */ = {isa = PBXBuildFile; productRef = 9442267E30BDEB32B226E1B5 /* FindlyKit */; };
		E0BB8FB47DD4963B529B77B3 /* FirebaseMessaging in Frameworks */ = {isa = PBXBuildFile; productRef = FB971569453E73404BF940F5 /* FirebaseMessaging */; };
		F508E58763FB60F25015ADCD /* GoogleService-Info.plist in Resources */ = {isa = PBXBuildFile; fileRef = 222ABA473205FAA462451553 /* GoogleService-Info.plist */; };
/* End PBXBuildFile section */

/* Begin PBXContainerItemProxy section */
		AC50BEB298FA7EF00AB71988 /* PBXContainerItemProxy */ = {
			isa = PBXContainerItemProxy;
			containerPortal = 61959B8F29EC12796CDFAE8F /* Project object */;
			proxyType = 1;
			remoteGlobalIDString = F457FA93E8F16685158BE240;
			remoteInfo = FindlyNotificationService;
		};
/* End PBXContainerItemProxy section */

/* Begin PBXCopyFilesBuildPhase section */
		639BED47CB8EBE230CEE087A /* Embed Foundation Extensions */ = {
			isa = PBXCopyFilesBuildPhase;
			buildActionMask = 2147483647;
			dstPath = "";
			dstSubfolderSpec = 13;
			files = (
				14722EEF59605AB4225CB60E /* FindlyNotificationService.appex in Embed Foundation Extensions */,
			);
			name = "Embed Foundation Extensions";
			runOnlyForDeploymentPostprocessing = 0;
		};
/* End PBXCopyFilesBuildPhase section */

/* Begin PBXFileReference section */
		0CFCAEA06AA257D2BD8FD4EC /* FirebasePushTokenProvider.swift */ = {isa = PBXFileReference; lastKnownFileType = sourcecode.swift; path = FirebasePushTokenProvider.swift; sourceTree = "<group>"; };
		116AE311B80835894993CDAC /* RootView.swift */ = {isa = PBXFileReference; lastKnownFileType = sourcecode.swift; path = RootView.swift; sourceTree = "<group>"; };
		1DA559770EEB71FE9D4E4731 /* Assets.xcassets */ = {isa = PBXFileReference; lastKnownFileType = folder.assetcatalog; path = Assets.xcassets; sourceTree = "<group>"; };
		222ABA473205FAA462451553 /* GoogleService-Info.plist */ = {isa = PBXFileReference; lastKnownFileType = text.plist; path = "GoogleService-Info.plist"; sourceTree = "<group>"; };
		360976CF9D45F33462D845E1 /* Findly.app */ = {isa = PBXFileReference; includeInIndex = 0; lastKnownFileType = wrapper.application; path = Findly.app; sourceTree = BUILT_PRODUCTS_DIR; };
		7A469252C0F62EA27A5A96C8 /* FindlyApp.swift */ = {isa = PBXFileReference; lastKnownFileType = sourcecode.swift; path = FindlyApp.swift; sourceTree = "<group>"; };
		933698B18341B5B93F960141 /* KeychainStore.swift */ = {isa = PBXFileReference; lastKnownFileType = sourcecode.swift; path = KeychainStore.swift; sourceTree = "<group>"; };
		9515587061357626BB7B1D90 /* FindlyKit */ = {isa = PBXFileReference; lastKnownFileType = folder; name = FindlyKit; path = FindlyKit; sourceTree = SOURCE_ROOT; };
		B0836124C0B16912A162DA50 /* FindlyNotificationService.appex */ = {isa = PBXFileReference; includeInIndex = 0; lastKnownFileType = "wrapper.app-extension"; path = FindlyNotificationService.appex; sourceTree = BUILT_PRODUCTS_DIR; };
		E76AF327094EE2AF4787E446 /* AppDelegate.swift */ = {isa = PBXFileReference; lastKnownFileType = sourcecode.swift; path = AppDelegate.swift; sourceTree = "<group>"; };
		EB7E3B29A1DEB20EAF23B1F7 /* FirebaseAuthProvider.swift */ = {isa = PBXFileReference; lastKnownFileType = sourcecode.swift; path = FirebaseAuthProvider.swift; sourceTree = "<group>"; };
		FAAC38E9856598F8ADAC5B1E /* NotificationService.swift */ = {isa = PBXFileReference; lastKnownFileType = sourcecode.swift; path = NotificationService.swift; sourceTree = "<group>"; };
/* End PBXFileReference section */

/* Begin PBXFrameworksBuildPhase section */
		DB10FCE03C5DE3C1BD25F4C5 /* Frameworks */ = {
			isa = PBXFrameworksBuildPhase;
			buildActionMask = 2147483647;
			files = (
				B61559C4D032C36B09A6C14E /* FindlyKit in Frameworks */,
			);
			runOnlyForDeploymentPostprocessing = 0;
		};
		F2652F432D8956BF37BEDF20 /* Frameworks */ = {
			isa = PBXFrameworksBuildPhase;
			buildActionMask = 2147483647;
			files = (
				CB8C07C58DEB2D7E127CAF82 /* FindlyKit in Frameworks */,
				E0BB8FB47DD4963B529B77B3 /* FirebaseMessaging in Frameworks */,
				220125CCC68EB48569672CA1 /* FirebaseCore in Frameworks */,
				BCE4FC4E4D216471C06EF8F0 /* FirebaseAuth in Frameworks */,
			);
			runOnlyForDeploymentPostprocessing = 0;
		};
/* End PBXFrameworksBuildPhase section */

/* Begin PBXGroup section */
		168C0D0D8B2B62D5790032C3 /* FindlyNotificationService */ = {
			isa = PBXGroup;
			children = (
				FAAC38E9856598F8ADAC5B1E /* NotificationService.swift */,
			);
			path = FindlyNotificationService;
			sourceTree = "<group>";
		};
		3CC0EAE8E0A4D97999B38108 = {
			isa = PBXGroup;
			children = (
				222ABA473205FAA462451553 /* GoogleService-Info.plist */,
				6A42350ACED47A91740C2749 /* Findly */,
				168C0D0D8B2B62D5790032C3 /* FindlyNotificationService */,
				6171207FFC9987B47E3C6F6E /* Packages */,
				DF8D92856590906E565827DE /* Products */,
			);
			sourceTree = "<group>";
		};
		6171207FFC9987B47E3C6F6E /* Packages */ = {
			isa = PBXGroup;
			children = (
				9515587061357626BB7B1D90 /* FindlyKit */,
			);
			name = Packages;
			sourceTree = "<group>";
		};
		6A42350ACED47A91740C2749 /* Findly */ = {
			isa = PBXGroup;
			children = (
				1DA559770EEB71FE9D4E4731 /* Assets.xcassets */,
				7A469252C0F62EA27A5A96C8 /* FindlyApp.swift */,
				116AE311B80835894993CDAC /* RootView.swift */,
				B3347B5FC65CF11B7CF3F671 /* Auth */,
				8EEE33EA1C28197C64950E03 /* Push */,
			);
			path = Findly;
			sourceTree = "<group>";
		};
		8EEE33EA1C28197C64950E03 /* Push */ = {
			isa = PBXGroup;
			children = (
				E76AF327094EE2AF4787E446 /* AppDelegate.swift */,
				0CFCAEA06AA257D2BD8FD4EC /* FirebasePushTokenProvider.swift */,
			);
			path = Push;
			sourceTree = "<group>";
		};
		B3347B5FC65CF11B7CF3F671 /* Auth */ = {
			isa = PBXGroup;
			children = (
				EB7E3B29A1DEB20EAF23B1F7 /* FirebaseAuthProvider.swift */,
				933698B18341B5B93F960141 /* KeychainStore.swift */,
			);
			path = Auth;
			sourceTree = "<group>";
		};
		DF8D92856590906E565827DE /* Products */ = {
			isa = PBXGroup;
			children = (
				360976CF9D45F33462D845E1 /* Findly.app */,
				B0836124C0B16912A162DA50 /* FindlyNotificationService.appex */,
			);
			name = Products;
			sourceTree = "<group>";
		};
/* End PBXGroup section */

/* Begin PBXNativeTarget section */
		8A36219C4895092FB13DC80D /* Findly */ = {
			isa = PBXNativeTarget;
			buildConfigurationList = 5569EC1C28D3295DFA93971A /* Build configuration list for PBXNativeTarget "Findly" */;
			buildPhases = (
				0DF31DA3D7152AEC43F51E8E /* Sources */,
				286688678627E22BFCE334D0 /* Resources */,
				F2652F432D8956BF37BEDF20 /* Frameworks */,
				639BED47CB8EBE230CEE087A /* Embed Foundation Extensions */,
			);
			buildRules = (
			);
			dependencies = (
				B582DD76F57C343D56DA1843 /* PBXTargetDependency */,
			);
			name = Findly;
			packageProductDependencies = (
				9442267E30BDEB32B226E1B5 /* FindlyKit */,
				FB971569453E73404BF940F5 /* FirebaseMessaging */,
				E5F9E685A2737D7E01168F16 /* FirebaseCore */,
				EECA9DB87E5D3A19B5B8D891 /* FirebaseAuth */,
			);
			productName = Findly;
			productReference = 360976CF9D45F33462D845E1 /* Findly.app */;
			productType = "com.apple.product-type.application";
		};
		F457FA93E8F16685158BE240 /* FindlyNotificationService */ = {
			isa = PBXNativeTarget;
			buildConfigurationList = 59C59B517B40C7916C3A0215 /* Build configuration list for PBXNativeTarget "FindlyNotificationService" */;
			buildPhases = (
				FCB02E631AED9AFAC9CE83C0 /* Sources */,
				DB10FCE03C5DE3C1BD25F4C5 /* Frameworks */,
			);
			buildRules = (
			);
			dependencies = (
			);
			name = FindlyNotificationService;
			packageProductDependencies = (
				8AF6A59F5CFA6CC825063744 /* FindlyKit */,
			);
			productName = FindlyNotificationService;
			productReference = B0836124C0B16912A162DA50 /* FindlyNotificationService.appex */;
			productType = "com.apple.product-type.app-extension";
		};
/* End PBXNativeTarget section */

/* Begin PBXProject section */
		61959B8F29EC12796CDFAE8F /* Project object */ = {
			isa = PBXProject;
			attributes = {
				BuildIndependentTargetsInParallel = YES;
				LastUpgradeCheck = 1430;
				TargetAttributes = {
					8A36219C4895092FB13DC80D = {
						DevelopmentTeam = 92A2K3Q7NH;
						ProvisioningStyle = Automatic;
					};
					F457FA93E8F16685158BE240 = {
						DevelopmentTeam = 92A2K3Q7NH;
						ProvisioningStyle = Automatic;
					};
				};
			};
			buildConfigurationList = 6CF382E9793579AED10B161D /* Build configuration list for PBXProject "Findly" */;
			developmentRegion = en;
			hasScannedForEncodings = 0;
			knownRegions = (
				Base,
				en,
			);
			mainGroup = 3CC0EAE8E0A4D97999B38108;
			minimizedProjectReferenceProxies = 1;
			packageReferences = (
				55ACDD30D11FF8B12DF6B695 /* XCRemoteSwiftPackageReference "firebase-ios-sdk" */,
				08F80C9F2E365B21D1D2281B /* XCLocalSwiftPackageReference "FindlyKit" */,
			);
			preferredProjectObjectVersion = 77;
			productRefGroup = DF8D92856590906E565827DE /* Products */;
			projectDirPath = "";
			projectRoot = "";
			targets = (
				F457FA93E8F16685158BE240 /* FindlyNotificationService */,
				8A36219C4895092FB13DC80D /* Findly */,
			);
		};
/* End PBXProject section */

/* Begin PBXResourcesBuildPhase section */
		286688678627E22BFCE334D0 /* Resources */ = {
			isa = PBXResourcesBuildPhase;
			buildActionMask = 2147483647;
			files = (
				2927A0E0F956AE3E0708D444 /* Assets.xcassets in Resources */,
				F508E58763FB60F25015ADCD /* GoogleService-Info.plist in Resources */,
			);
			runOnlyForDeploymentPostprocessing = 0;
		};
/* End PBXResourcesBuildPhase section */

/* Begin PBXSourcesBuildPhase section */
		0DF31DA3D7152AEC43F51E8E /* Sources */ = {
			isa = PBXSourcesBuildPhase;
			buildActionMask = 2147483647;
			files = (
				C9507C73AF152EF9C3355B39 /* AppDelegate.swift in Sources */,
				2E1B11D96FD0432BBF16C66C /* FindlyApp.swift in Sources */,
				B02F8EA427CC832CDAD5222E /* FirebaseAuthProvider.swift in Sources */,
				680F3A8A8F5B9384D3E27E33 /* FirebasePushTokenProvider.swift in Sources */,
				1212706638CC72A1A448E57C /* KeychainStore.swift in Sources */,
				C260FCFC518F028EBF7BBA4A /* RootView.swift in Sources */,
			);
			runOnlyForDeploymentPostprocessing = 0;
		};
		FCB02E631AED9AFAC9CE83C0 /* Sources */ = {
			isa = PBXSourcesBuildPhase;
			buildActionMask = 2147483647;
			files = (
				92E3CA8155EC53B254E0AD47 /* NotificationService.swift in Sources */,
			);
			runOnlyForDeploymentPostprocessing = 0;
		};
/* End PBXSourcesBuildPhase section */

/* Begin PBXTargetDependency section */
		B582DD76F57C343D56DA1843 /* PBXTargetDependency */ = {
			isa = PBXTargetDependency;
			target = F457FA93E8F16685158BE240 /* FindlyNotificationService */;
			targetProxy = AC50BEB298FA7EF00AB71988 /* PBXContainerItemProxy */;
		};
/* End PBXTargetDependency section */

/* Begin XCBuildConfiguration section */
		081435676526553FE636AF3B /* Release */ = {
			isa = XCBuildConfiguration;
			buildSettings = {
				ALWAYS_SEARCH_USER_PATHS = NO;
				CLANG_ANALYZER_NONNULL = YES;
				CLANG_ANALYZER_NUMBER_OBJECT_CONVERSION = YES_AGGRESSIVE;
				CLANG_CXX_LANGUAGE_STANDARD = "gnu++14";
				CLANG_CXX_LIBRARY = "libc++";
				CLANG_ENABLE_MODULES = YES;
				CLANG_ENABLE_OBJC_ARC = YES;
				CLANG_ENABLE_OBJC_WEAK = YES;
				CLANG_WARN_BLOCK_CAPTURE_AUTORELEASING = YES;
				CLANG_WARN_BOOL_CONVERSION = YES;
				CLANG_WARN_COMMA = YES;
				CLANG_WARN_CONSTANT_CONVERSION = YES;
				CLANG_WARN_DEPRECATED_OBJC_IMPLEMENTATIONS = YES;
				CLANG_WARN_DIRECT_OBJC_ISA_USAGE = YES_ERROR;
				CLANG_WARN_DOCUMENTATION_COMMENTS = YES;
				CLANG_WARN_EMPTY_BODY = YES;
				CLANG_WARN_ENUM_CONVERSION = YES;
				CLANG_WARN_INFINITE_RECURSION = YES;
				CLANG_WARN_INT_CONVERSION = YES;
				CLANG_WARN_NON_LITERAL_NULL_CONVERSION = YES;
				CLANG_WARN_OBJC_IMPLICIT_RETAIN_SELF = YES;
				CLANG_WARN_OBJC_LITERAL_CONVERSION = YES;
				CLANG_WARN_OBJC_ROOT_CLASS = YES_ERROR;
				CLANG_WARN_QUOTED_INCLUDE_IN_FRAMEWORK_HEADER = YES;
				CLANG_WARN_RANGE_LOOP_ANALYSIS = YES;
				CLANG_WARN_STRICT_PROTOTYPES = YES;
				CLANG_WARN_SUSPICIOUS_MOVE = YES;
				CLANG_WARN_UNGUARDED_AVAILABILITY = YES_AGGRESSIVE;
				CLANG_WARN_UNREACHABLE_CODE = YES;
				CLANG_WARN__DUPLICATE_METHOD_MATCH = YES;
				COPY_PHASE_STRIP = NO;
				DEBUG_INFORMATION_FORMAT = "dwarf-with-dsym";
				ENABLE_NS_ASSERTIONS = NO;
				ENABLE_STRICT_OBJC_MSGSEND = YES;
				GCC_C_LANGUAGE_STANDARD = gnu11;
				GCC_NO_COMMON_BLOCKS = YES;
				GCC_WARN_64_TO_32_BIT_CONVERSION = YES;
				GCC_WARN_ABOUT_RETURN_TYPE = YES_ERROR;
				GCC_WARN_UNDECLARED_SELECTOR = YES;
				GCC_WARN_UNINITIALIZED_AUTOS = YES_AGGRESSIVE;
				GCC_WARN_UNUSED_FUNCTION = YES;
				GCC_WARN_UNUSED_VARIABLE = YES;
				IPHONEOS_DEPLOYMENT_TARGET = 16.0;
				MTL_ENABLE_DEBUG_INFO = NO;
				MTL_FAST_MATH = YES;
				PRODUCT_NAME = "$(TARGET_NAME)";
				SDKROOT = iphoneos;
				SWIFT_COMPILATION_MODE = wholemodule;
				SWIFT_OPTIMIZATION_LEVEL = "-O";
				SWIFT_VERSION = 5.0;
			};
			name = Release;
		};
		3DF2D9BA78E28AD8365E29CB /* Debug */ = {
			isa = XCBuildConfiguration;
			buildSettings = {
				CODE_SIGN_STYLE = Automatic;
				CURRENT_PROJECT_VERSION = 6;
				DEVELOPMENT_TEAM = 92A2K3Q7NH;
				INFOPLIST_FILE = FindlyNotificationService/Info.plist;
				IPHONEOS_DEPLOYMENT_TARGET = 16.0;
				LD_RUNPATH_SEARCH_PATHS = (
					"$(inherited)",
					"@executable_path/Frameworks",
					"@executable_path/../../Frameworks",
				);
				MARKETING_VERSION = 1.0.0;
				PRODUCT_BUNDLE_IDENTIFIER = com.findly.ios.NotificationService;
				PRODUCT_NAME = FindlyNotificationService;
				SDKROOT = iphoneos;
				SWIFT_VERSION = 5.0;
				TARGETED_DEVICE_FAMILY = 1;
			};
			name = Debug;
		};
		45B6C5D5E6687195C1651B92 /* Debug */ = {
			isa = XCBuildConfiguration;
			buildSettings = {
				ASSETCATALOG_COMPILER_APPICON_NAME = AppIcon;
				CODE_SIGN_ENTITLEMENTS = Findly/Findly.entitlements;
				CODE_SIGN_IDENTITY = "iPhone Developer";
				CODE_SIGN_STYLE = Automatic;
				CURRENT_PROJECT_VERSION = 6;
				DEVELOPMENT_TEAM = 92A2K3Q7NH;
				INFOPLIST_FILE = Findly/Info.plist;
				IPHONEOS_DEPLOYMENT_TARGET = 16.0;
				LD_RUNPATH_SEARCH_PATHS = (
					"$(inherited)",
					"@executable_path/Frameworks",
				);
				MARKETING_VERSION = 1.0.0;
				PRODUCT_BUNDLE_IDENTIFIER = com.findly.ios;
				PRODUCT_NAME = Findly;
				SDKROOT = iphoneos;
				SWIFT_VERSION = 5.0;
				TARGETED_DEVICE_FAMILY = 1;
			};
			name = Debug;
		};
		9F27BC0339185034E9A61280 /* Release */ = {
			isa = XCBuildConfiguration;
			buildSettings = {
				ASSETCATALOG_COMPILER_APPICON_NAME = AppIcon;
				CODE_SIGN_ENTITLEMENTS = Findly/Findly.entitlements;
				CODE_SIGN_IDENTITY = "iPhone Developer";
				CODE_SIGN_STYLE = Automatic;
				CURRENT_PROJECT_VERSION = 6;
				DEVELOPMENT_TEAM = 92A2K3Q7NH;
				INFOPLIST_FILE = Findly/Info.plist;
				IPHONEOS_DEPLOYMENT_TARGET = 16.0;
				LD_RUNPATH_SEARCH_PATHS = (
					"$(inherited)",
					"@executable_path/Frameworks",
				);
				MARKETING_VERSION = 1.0.0;
				PRODUCT_BUNDLE_IDENTIFIER = com.findly.ios;
				PRODUCT_NAME = Findly;
				SDKROOT = iphoneos;
				SWIFT_VERSION = 5.0;
				TARGETED_DEVICE_FAMILY = 1;
			};
			name = Release;
		};
		BE3BF76C568EBEF7DA1B6AB2 /* Debug */ = {
			isa = XCBuildConfiguration;
			buildSettings = {
				ALWAYS_SEARCH_USER_PATHS = NO;
				CLANG_ANALYZER_NONNULL = YES;
				CLANG_ANALYZER_NUMBER_OBJECT_CONVERSION = YES_AGGRESSIVE;
				CLANG_CXX_LANGUAGE_STANDARD = "gnu++14";
				CLANG_CXX_LIBRARY = "libc++";
				CLANG_ENABLE_MODULES = YES;
				CLANG_ENABLE_OBJC_ARC = YES;
				CLANG_ENABLE_OBJC_WEAK = YES;
				CLANG_WARN_BLOCK_CAPTURE_AUTORELEASING = YES;
				CLANG_WARN_BOOL_CONVERSION = YES;
				CLANG_WARN_COMMA = YES;
				CLANG_WARN_CONSTANT_CONVERSION = YES;
				CLANG_WARN_DEPRECATED_OBJC_IMPLEMENTATIONS = YES;
				CLANG_WARN_DIRECT_OBJC_ISA_USAGE = YES_ERROR;
				CLANG_WARN_DOCUMENTATION_COMMENTS = YES;
				CLANG_WARN_EMPTY_BODY = YES;
				CLANG_WARN_ENUM_CONVERSION = YES;
				CLANG_WARN_INFINITE_RECURSION = YES;
				CLANG_WARN_INT_CONVERSION = YES;
				CLANG_WARN_NON_LITERAL_NULL_CONVERSION = YES;
				CLANG_WARN_OBJC_IMPLICIT_RETAIN_SELF = YES;
				CLANG_WARN_OBJC_LITERAL_CONVERSION = YES;
				CLANG_WARN_OBJC_ROOT_CLASS = YES_ERROR;
				CLANG_WARN_QUOTED_INCLUDE_IN_FRAMEWORK_HEADER = YES;
				CLANG_WARN_RANGE_LOOP_ANALYSIS = YES;
				CLANG_WARN_STRICT_PROTOTYPES = YES;
				CLANG_WARN_SUSPICIOUS_MOVE = YES;
				CLANG_WARN_UNGUARDED_AVAILABILITY = YES_AGGRESSIVE;
				CLANG_WARN_UNREACHABLE_CODE = YES;
				CLANG_WARN__DUPLICATE_METHOD_MATCH = YES;
				COPY_PHASE_STRIP = NO;
				DEBUG_INFORMATION_FORMAT = dwarf;
				ENABLE_STRICT_OBJC_MSGSEND = YES;
				ENABLE_TESTABILITY = YES;
				GCC_C_LANGUAGE_STANDARD = gnu11;
				GCC_DYNAMIC_NO_PIC = NO;
				GCC_NO_COMMON_BLOCKS = YES;
				GCC_OPTIMIZATION_LEVEL = 0;
				GCC_PREPROCESSOR_DEFINITIONS = (
					"$(inherited)",
					"DEBUG=1",
				);
				GCC_WARN_64_TO_32_BIT_CONVERSION = YES;
				GCC_WARN_ABOUT_RETURN_TYPE = YES_ERROR;
				GCC_WARN_UNDECLARED_SELECTOR = YES;
				GCC_WARN_UNINITIALIZED_AUTOS = YES_AGGRESSIVE;
				GCC_WARN_UNUSED_FUNCTION = YES;
				GCC_WARN_UNUSED_VARIABLE = YES;
				IPHONEOS_DEPLOYMENT_TARGET = 16.0;
				MTL_ENABLE_DEBUG_INFO = INCLUDE_SOURCE;
				MTL_FAST_MATH = YES;
				ONLY_ACTIVE_ARCH = YES;
				PRODUCT_NAME = "$(TARGET_NAME)";
				SDKROOT = iphoneos;
				SWIFT_ACTIVE_COMPILATION_CONDITIONS = DEBUG;
				SWIFT_OPTIMIZATION_LEVEL = "-Onone";
				SWIFT_VERSION = 5.0;
			};
			name = Debug;
		};
		D2DD997A5E1203A937A8F9AA /* Release */ = {
			isa = XCBuildConfiguration;
			buildSettings = {
				CODE_SIGN_STYLE = Automatic;
				CURRENT_PROJECT_VERSION = 6;
				DEVELOPMENT_TEAM = 92A2K3Q7NH;
				INFOPLIST_FILE = FindlyNotificationService/Info.plist;
				IPHONEOS_DEPLOYMENT_TARGET = 16.0;
				LD_RUNPATH_SEARCH_PATHS = (
					"$(inherited)",
					"@executable_path/Frameworks",
					"@executable_path/../../Frameworks",
				);
				MARKETING_VERSION = 1.0.0;
				PRODUCT_BUNDLE_IDENTIFIER = com.findly.ios.NotificationService;
				PRODUCT_NAME = FindlyNotificationService;
				SDKROOT = iphoneos;
				SWIFT_VERSION = 5.0;
				TARGETED_DEVICE_FAMILY = 1;
			};
			name = Release;
		};
/* End XCBuildConfiguration section */

/* Begin XCConfigurationList section */
		5569EC1C28D3295DFA93971A /* Build configuration list for PBXNativeTarget "Findly" */ = {
			isa = XCConfigurationList;
			buildConfigurations = (
				45B6C5D5E6687195C1651B92 /* Debug */,
				9F27BC0339185034E9A61280 /* Release */,
			);
			defaultConfigurationIsVisible = 0;
			defaultConfigurationName = Debug;
		};
		59C59B517B40C7916C3A0215 /* Build configuration list for PBXNativeTarget "FindlyNotificationService" */ = {
			isa = XCConfigurationList;
			buildConfigurations = (
				3DF2D9BA78E28AD8365E29CB /* Debug */,
				D2DD997A5E1203A937A8F9AA /* Release */,
			);
			defaultConfigurationIsVisible = 0;
			defaultConfigurationName = Debug;
		};
		6CF382E9793579AED10B161D /* Build configuration list for PBXProject "Findly" */ = {
			isa = XCConfigurationList;
			buildConfigurations = (
				BE3BF76C568EBEF7DA1B6AB2 /* Debug */,
				081435676526553FE636AF3B /* Release */,
			);
			defaultConfigurationIsVisible = 0;
			defaultConfigurationName = Debug;
		};
/* End XCConfigurationList section */

/* Begin XCLocalSwiftPackageReference section */
		08F80C9F2E365B21D1D2281B /* XCLocalSwiftPackageReference "FindlyKit" */ = {
			isa = XCLocalSwiftPackageReference;
			relativePath = FindlyKit;
		};
/* End XCLocalSwiftPackageReference section */

/* Begin XCRemoteSwiftPackageReference section */
		55ACDD30D11FF8B12DF6B695 /* XCRemoteSwiftPackageReference "firebase-ios-sdk" */ = {
			isa = XCRemoteSwiftPackageReference;
			repositoryURL = "https://github.com/firebase/firebase-ios-sdk";
			requirement = {
				kind = upToNextMajorVersion;
				minimumVersion = 11.15.0;
			};
		};
/* End XCRemoteSwiftPackageReference section */

/* Begin XCSwiftPackageProductDependency section */
		8AF6A59F5CFA6CC825063744 /* FindlyKit */ = {
			isa = XCSwiftPackageProductDependency;
			productName = FindlyKit;
		};
		9442267E30BDEB32B226E1B5 /* FindlyKit */ = {
			isa = XCSwiftPackageProductDependency;
			productName = FindlyKit;
		};
		E5F9E685A2737D7E01168F16 /* FirebaseCore */ = {
			isa = XCSwiftPackageProductDependency;
			package = 55ACDD30D11FF8B12DF6B695 /* XCRemoteSwiftPackageReference "firebase-ios-sdk" */;
			productName = FirebaseCore;
		};
		EECA9DB87E5D3A19B5B8D891 /* FirebaseAuth */ = {
			isa = XCSwiftPackageProductDependency;
			package = 55ACDD30D11FF8B12DF6B695 /* XCRemoteSwiftPackageReference "firebase-ios-sdk" */;
			productName = FirebaseAuth;
		};
		FB971569453E73404BF940F5 /* FirebaseMessaging */ = {
			isa = XCSwiftPackageProductDependency;
			package = 55ACDD30D11FF8B12DF6B695 /* XCRemoteSwiftPackageReference "firebase-ios-sdk" */;
			productName = FirebaseMessaging;
		};
/* End XCSwiftPackageProductDependency section */
	};
	rootObject = 61959B8F29EC12796CDFAE8F /* Project object */;
}
